
Microsoft Visual Studio Solution File, Format Version 12.00
# Visual Studio 15
VisualStudioVersion = 15.0.28307.902
MinimumVisualStudioVersion = 10.0.40219.1
Project("{FAE04EC0-301F-11D3-BF4B-00C04F79EFBC}") = "Presentation_layer", "Presentation_layer\Presentation_layer.csproj", "{ED883C72-3001-4252-8D54-373C01A9C859}"
EndProject
Project("{FAE04EC0-301F-11D3-BF4B-00C04F79EFBC}") = "Data_layer", "Data_layer\Data_layer.csproj", "{37B10B18-4BC9-4F18-B649-D92C64ACE941}"
EndProject
Project("{FAE04EC0-301F-11D3-BF4B-00C04F79EFBC}") = "Business_layer", "Business_layer\Business_layer.csproj", "{A9CF25D6-4C65-499D-83FB-71FB2F42B69C}"
EndProject
Global
	GlobalSection(SolutionConfigurationPlatforms) = preSolution
		Debug|Any CPU = Debug|Any CPU
		Release|Any CPU = Release|Any CPU
	EndGlobalSection
	GlobalSection(ProjectConfigurationPlatforms) = postSolution
		{ED883C72-3001-4252-8D54-373C01A9C859}.Debug|Any CPU.ActiveCfg = Debug|Any CPU
		{ED883C72-3001-4252-8D54-373C01A9C859}.Debug|Any CPU.Build.0 = Debug|Any CPU
		{ED883C72-3001-4252-8D54-373C01A9C859}.Release|Any CPU.ActiveCfg = Release|Any CPU
		{ED883C72-3001-4252-8D54-373C01A9C859}.Release|Any CPU.Build.0 = Release|Any CPU
		{37B10B18-4BC9-4F18-B649-D92C64ACE941}.Debug|Any CPU.ActiveCfg = Debug|Any CPU
		{37B10B18-4BC9-4F18-B649-D92C64ACE941}.Debug|Any CPU.Build.0 = Debug|Any CPU
		{37B10B18-4BC9-4F18-B649-D92C64ACE941}.Release|Any CPU.ActiveCfg = Release|Any CPU
		{37B10B18-4BC9-4F18-B649-D92C64ACE941}.Release|Any CPU.Build.0 = Release|Any CPU
		{A9CF25D6-4C65-499D-83FB-71FB2F42B69C}.Debug|Any CPU.ActiveCfg = Debug|Any CPU
		{A9CF25D6-4C65-499D-83FB-71FB2F42B69C}.Debug|Any CPU.Build.0 = Debug|Any CPU
		{A9CF25D6-4C65-499D-83FB-71FB2F42B69C}.Release|Any CPU.ActiveCfg = Release|Any CPU
		{A9CF25D6-4C65-499D-83FB-71FB2F42B69C}.Release|Any CPU.Build.0 = Release|Any CPU
	EndGlobalSection
	GlobalSection(SolutionProperties) = preSolution
		HideSolutionNode = FALSE
	EndGlobalSection
	GlobalSection(ExtensibilityGlobals) = postSolution
		SolutionGuid = {2AC51BBB-9294-4EAC-A7FD-480B378D470C}
	EndGlobalSection
EndGlobal
